
Microsoft Visual Studio Solution File, Format Version 12.00
# Visual Studio Version 17
VisualStudioVersion = 17.3.32929.385
MinimumVisualStudioVersion = 10.0.40219.1
Project("{FAE04EC0-301F-11D3-BF4B-00C04F79EFBC}") = "Ejercicio1.Consola", "Ejercicio1\Ejercicio1.Consola.csproj", "{42ED4BE4-40F5-402C-90D6-03034903618B}"
EndProject
Project("{FAE04EC0-301F-11D3-BF4B-00C04F79EFBC}") = "Ejercicio1.Entidades", "Ejercicio1.Entidades\Ejercicio1.Entidades.csproj", "{33A8298B-7A02-411C-A5B8-BCDC1E40BCD7}"
EndProject
Project("{FAE04EC0-301F-11D3-BF4B-00C04F79EFBC}") = "Testing", "Testing\Testing.csproj", "{47B1B62D-23CD-4047-AF4A-4371F116F53B}"
EndProject
Global
	GlobalSection(SolutionConfigurationPlatforms) = preSolution
		Debug|Any CPU = Debug|Any CPU
		Release|Any CPU = Release|Any CPU
	EndGlobalSection
	GlobalSection(ProjectConfigurationPlatforms) = postSolution
		{42ED4BE4-40F5-402C-90D6-03034903618B}.Debug|Any CPU.ActiveCfg = Debug|Any CPU
		{42ED4BE4-40F5-402C-90D6-03034903618B}.Debug|Any CPU.Build.0 = Debug|Any CPU
		{42ED4BE4-40F5-402C-90D6-03034903618B}.Release|Any CPU.ActiveCfg = Release|Any CPU
		{42ED4BE4-40F5-402C-90D6-03034903618B}.Release|Any CPU.Build.0 = Release|Any CPU
		{33A8298B-7A02-411C-A5B8-BCDC1E40BCD7}.Debug|Any CPU.ActiveCfg = Debug|Any CPU
		{33A8298B-7A02-411C-A5B8-BCDC1E40BCD7}.Debug|Any CPU.Build.0 = Debug|Any CPU
		{33A8298B-7A02-411C-A5B8-BCDC1E40BCD7}.Release|Any CPU.ActiveCfg = Release|Any CPU
		{33A8298B-7A02-411C-A5B8-BCDC1E40BCD7}.Release|Any CPU.Build.0 = Release|Any CPU
		{47B1B62D-23CD-4047-AF4A-4371F116F53B}.Debug|Any CPU.ActiveCfg = Debug|Any CPU
		{47B1B62D-23CD-4047-AF4A-4371F116F53B}.Debug|Any CPU.Build.0 = Debug|Any CPU
		{47B1B62D-23CD-4047-AF4A-4371F116F53B}.Release|Any CPU.ActiveCfg = Release|Any CPU
		{47B1B62D-23CD-4047-AF4A-4371F116F53B}.Release|Any CPU.Build.0 = Release|Any CPU
	EndGlobalSection
	GlobalSection(SolutionProperties) = preSolution
		HideSolutionNode = FALSE
	EndGlobalSection
	GlobalSection(ExtensibilityGlobals) = postSolution
		SolutionGuid = {5A61B052-C4ED-4760-8F85-515C899E0174}
	EndGlobalSection
EndGlobal
